lockfileVersion: '9.0'

settings:
  autoInstallPeers: true
  excludeLinksFromLockfile: false

importers:

  .:
    dependencies:
      '@account-abstraction/contracts':
        specifier: ^0.6.0
        version: 0.6.0
      '@openzeppelin/contracts':
        specifier: ^4.9.6
        version: 4.9.6

packages:

  '@account-abstraction/contracts@0.6.0':
    resolution: {integrity: sha512-8ooRJuR7XzohMDM4MV34I12Ci2bmxfE9+cixakRL7lA4BAwJKQ3ahvd8FbJa9kiwkUPCUNtj+/zxDQWYYalLMQ==}

  '@openzeppelin/contracts@4.9.6':
    resolution: {integrity: sha512-xSmezSupL+y9VkHZJGDoCBpmnB2ogM13ccaYDWqJTfS3dbuHkgjuwDFUmaFauBCboQMGB/S5UqUl2y54X99BmA==}

snapshots:

  '@account-abstraction/contracts@0.6.0': {}

  '@openzeppelin/contracts@4.9.6': {}
